lockfileVersion: '6.0'

settings:
  autoInstallPeers: true
  excludeLinksFromLockfile: false

dependencies:
  nodemailer:
    specifier: ^6.10.0
    version: 6.10.1
  playwright:
    specifier: ^1.49.1
    version: 1.53.1

packages:

  /fsevents@2.3.2:
    resolution: {integrity: sha512-xiqMQR4xAeHTuB9uWm+fFRcIOgKBMiOBP+eXiyT7jsgVCq1bkVygt00oASowB7EdtpOHaaPgKt812P9ab+DDKA==}
    engines: {node: ^8.16.0 || ^10.6.0 || >=11.0.0}
    os: [darwin]
    requiresBuild: true
    dev: false
    optional: true

  /nodemailer@6.10.1:
    resolution: {integrity: sha512-Z+iLaBGVaSjbIzQ4pX6XV41HrooLsQ10ZWPUehGmuantvzWoDVBnmsdUcOIDM1t+yPor5pDhVlDESgOMEGxhHA==}
    engines: {node: '>=6.0.0'}
    dev: false

  /playwright-core@1.53.1:
    resolution: {integrity: sha512-Z46Oq7tLAyT0lGoFx4DOuB1IA9D1TPj0QkYxpPVUnGDqHHvDpCftu1J2hM2PiWsNMoZh8+LQaarAWcDfPBc6zg==}
    engines: {node: '>=18'}
    hasBin: true
    dev: false

  /playwright@1.53.1:
    resolution: {integrity: sha512-LJ13YLr/ocweuwxyGf1XNFWIU4M2zUSo149Qbp+A4cpwDjsxRPj7k6H25LBrEHiEwxvRbD8HdwvQmRMSvquhYw==}
    engines: {node: '>=18'}
    hasBin: true
    dependencies:
      playwright-core: 1.53.1
    optionalDependencies:
      fsevents: 2.3.2
    dev: false
