lockfileVersion: '6.0'

settings:
  autoInstallPeers: true
  excludeLinksFromLockfile: false

dependencies:
  nodemailer:
    specifier: ^6.10.0
    version: 6.10.1
  playwright:
    specifier: ^1.49.1
    version: 1.53.2

packages:

  /fsevents@2.3.2:
    resolution: {integrity: sha512-xiqMQR4xAeHTuB9uWm+fFRcIOgKBMiOBP+eXiyT7jsgVCq1bkVygt00oASowB7EdtpOHaaPgKt812P9ab+DDKA==}
    engines: {node: ^8.16.0 || ^10.6.0 || >=11.0.0}
    os: [darwin]
    requiresBuild: true
    dev: false
    optional: true

  /nodemailer@6.10.1:
    resolution: {integrity: sha512-Z+iLaBGVaSjbIzQ4pX6XV41HrooLsQ10ZWPUehGmuantvzWoDVBnmsdUcOIDM1t+yPor5pDhVlDESgOMEGxhHA==}
    engines: {node: '>=6.0.0'}
    dev: false

  /playwright-core@1.53.2:
    resolution: {integrity: sha512-ox/OytMy+2w1jcYEYlOo1Hhp8hZkLCximMTUTMBXjGUA1KoFfiSZ+DU+3a739jsPY0yoKH2TFy9S2fsJas8yAw==}
    engines: {node: '>=18'}
    hasBin: true
    dev: false

  /playwright@1.53.2:
    resolution: {integrity: sha512-6K/qQxVFuVQhRQhFsVZ9fGeatxirtrpPgxzBYWyZLEXJzqYwuL4fuNmfOfD5et1tJE4GScKyPNeLhZeRwuTU3A==}
    engines: {node: '>=18'}
    hasBin: true
    dependencies:
      playwright-core: 1.53.2
    optionalDependencies:
      fsevents: 2.3.2
    dev: false
